{
  "name": "twebchannel-quickstart",
  "version": "1.0.0",
  "lockfileVersion": 1,
  "requires": true,
  "dependencies": {
    "@totvs/twebchannel-js": {
      "version": "1.0.0",
      "resolved": "https://registry.npmjs.org/@totvs/twebchannel-js/-/twebchannel-js-1.0.0.tgz",
      "integrity": "sha512-/Tl8DZbF6SkbyYRzwgnQ5xfINEuF27AJrlthxZIpP1AsJ0svAkfs9bhcQhko/jGGRwG2EWxFodPqZ3Nj4RSAEg=="
    }
  }
}
