{
  "name": "twebchannel-quickstart",
  "version": "1.0.0",
  "lockfileVersion": 1,
  "requires": true,
  "dependencies": {
    "@totvs/twebchannel-js": {
      "version": "1.0.3",
      "resolved": "https://registry.npmjs.org/@totvs/twebchannel-js/-/twebchannel-js-1.0.3.tgz",
      "integrity": "sha512-MiCeUBnRoN8ZHXWHKFqm7jxjlem44w4xAfRkYXxxU8Z8+czxJGXILNVtx5XIKJlZWHLMaZbTovrKjVTu2kHM8A=="
    }
  }
}
